
Microsoft Visual Studio Solution File, Format Version 12.00
# Visual Studio Version 17
VisualStudioVersion = 17.0.31903.59
MinimumVisualStudioVersion = 10.0.40219.1
Project("{FAE04EC0-301F-11D3-BF4B-00C04F79EFBC}") = "RightTriangles", "RightTriangles\RightTriangles.csproj", "{C98093FE-52F4-475F-A9EF-F8F7A15BD52E}"
EndProject
Global
	GlobalSection(SolutionConfigurationPlatforms) = preSolution
		Debug|Any CPU = Debug|Any CPU
		Release|Any CPU = Release|Any CPU
	EndGlobalSection
	GlobalSection(ProjectConfigurationPlatforms) = postSolution
		{C98093FE-52F4-475F-A9EF-F8F7A15BD52E}.Debug|Any CPU.ActiveCfg = Debug|Any CPU
		{C98093FE-52F4-475F-A9EF-F8F7A15BD52E}.Debug|Any CPU.Build.0 = Debug|Any CPU
		{C98093FE-52F4-475F-A9EF-F8F7A15BD52E}.Release|Any CPU.ActiveCfg = Release|Any CPU
		{C98093FE-52F4-475F-A9EF-F8F7A15BD52E}.Release|Any CPU.Build.0 = Release|Any CPU
	EndGlobalSection
	GlobalSection(SolutionProperties) = preSolution
		HideSolutionNode = FALSE
	EndGlobalSection
	GlobalSection(ExtensibilityGlobals) = postSolution
		SolutionGuid = {FD7FE91C-E39B-48CB-A082-F4DD715D3C8F}
	EndGlobalSection
EndGlobal
